
Microsoft Visual Studio Solution File, Format Version 12.00
# Visual Studio 15
VisualStudioVersion = 15.0.28307.1300
MinimumVisualStudioVersion = 10.0.40219.1
Project("{FAE04EC0-301F-11D3-BF4B-00C04F79EFBC}") = "InformationManagement", "..\InformationManagement\InformationManagement\InformationManagement.csproj", "{26B5A7B8-C86A-4552-8BAB-376D212C0397}"
EndProject
Project("{FAE04EC0-301F-11D3-BF4B-00C04F79EFBC}") = "MyGameDll", "MyGameDll\MyGameDll.csproj", "{9353B43B-B4D2-4BE8-9869-1B122007934E}"
EndProject
Project("{FAE04EC0-301F-11D3-BF4B-00C04F79EFBC}") = "CardManagement", "CardManagement\CardManagement.csproj", "{AA0C5354-9A26-4403-9262-25D0E7774CE9}"
EndProject
Project("{FAE04EC0-301F-11D3-BF4B-00C04F79EFBC}") = "Common", "Common\Common.csproj", "{1007CAFD-820E-410E-A747-C07DCBCD9A10}"
EndProject
Global
	GlobalSection(SolutionConfigurationPlatforms) = preSolution
		Debug|Any CPU = Debug|Any CPU
		Release|Any CPU = Release|Any CPU
	EndGlobalSection
	GlobalSection(ProjectConfigurationPlatforms) = postSolution
		{26B5A7B8-C86A-4552-8BAB-376D212C0397}.Debug|Any CPU.ActiveCfg = Debug|Any CPU
		{26B5A7B8-C86A-4552-8BAB-376D212C0397}.Debug|Any CPU.Build.0 = Debug|Any CPU
		{26B5A7B8-C86A-4552-8BAB-376D212C0397}.Release|Any CPU.ActiveCfg = Release|Any CPU
		{26B5A7B8-C86A-4552-8BAB-376D212C0397}.Release|Any CPU.Build.0 = Release|Any CPU
		{9353B43B-B4D2-4BE8-9869-1B122007934E}.Debug|Any CPU.ActiveCfg = Debug|Any CPU
		{9353B43B-B4D2-4BE8-9869-1B122007934E}.Debug|Any CPU.Build.0 = Debug|Any CPU
		{9353B43B-B4D2-4BE8-9869-1B122007934E}.Release|Any CPU.ActiveCfg = Release|Any CPU
		{9353B43B-B4D2-4BE8-9869-1B122007934E}.Release|Any CPU.Build.0 = Release|Any CPU
		{AA0C5354-9A26-4403-9262-25D0E7774CE9}.Debug|Any CPU.ActiveCfg = Debug|Any CPU
		{AA0C5354-9A26-4403-9262-25D0E7774CE9}.Debug|Any CPU.Build.0 = Debug|Any CPU
		{AA0C5354-9A26-4403-9262-25D0E7774CE9}.Release|Any CPU.ActiveCfg = Release|Any CPU
		{AA0C5354-9A26-4403-9262-25D0E7774CE9}.Release|Any CPU.Build.0 = Release|Any CPU
		{1007CAFD-820E-410E-A747-C07DCBCD9A10}.Debug|Any CPU.ActiveCfg = Debug|Any CPU
		{1007CAFD-820E-410E-A747-C07DCBCD9A10}.Debug|Any CPU.Build.0 = Debug|Any CPU
		{1007CAFD-820E-410E-A747-C07DCBCD9A10}.Release|Any CPU.ActiveCfg = Release|Any CPU
		{1007CAFD-820E-410E-A747-C07DCBCD9A10}.Release|Any CPU.Build.0 = Release|Any CPU
	EndGlobalSection
	GlobalSection(SolutionProperties) = preSolution
		HideSolutionNode = FALSE
	EndGlobalSection
	GlobalSection(ExtensibilityGlobals) = postSolution
		SolutionGuid = {7F78AEC9-DA58-4FDB-B091-B010C0DD45EB}
	EndGlobalSection
EndGlobal
